
Microsoft Visual Studio Solution File, Format Version 12.00
# Visual Studio 2012
Project("{FAE04EC0-301F-11D3-BF4B-00C04F79EFBC}") = "Dashboard.IdentityModel", "Dashboard.IdentityModel\Dashboard.IdentityModel.csproj", "{A655FAC4-2283-4DE6-A765-3D4427835D77}"
EndProject
Project("{FAE04EC0-301F-11D3-BF4B-00C04F79EFBC}") = "Dashboard", "Dashboard\Dashboard.csproj", "{90371ED1-F3FE-477F-92CF-6BF735E47F31}"
EndProject
Global
	GlobalSection(SolutionConfigurationPlatforms) = preSolution
		Debug|Any CPU = Debug|Any CPU
		GDCDev|Any CPU = GDCDev|Any CPU
		Release|Any CPU = Release|Any CPU
		Server40Dev|Any CPU = Server40Dev|Any CPU
	EndGlobalSection
	GlobalSection(ProjectConfigurationPlatforms) = postSolution
		{A655FAC4-2283-4DE6-A765-3D4427835D77}.Debug|Any CPU.ActiveCfg = Debug|Any CPU
		{A655FAC4-2283-4DE6-A765-3D4427835D77}.Debug|Any CPU.Build.0 = Debug|Any CPU
		{A655FAC4-2283-4DE6-A765-3D4427835D77}.GDCDev|Any CPU.ActiveCfg = Release|Any CPU
		{A655FAC4-2283-4DE6-A765-3D4427835D77}.GDCDev|Any CPU.Build.0 = Release|Any CPU
		{A655FAC4-2283-4DE6-A765-3D4427835D77}.Release|Any CPU.ActiveCfg = Release|Any CPU
		{A655FAC4-2283-4DE6-A765-3D4427835D77}.Release|Any CPU.Build.0 = Release|Any CPU
		{A655FAC4-2283-4DE6-A765-3D4427835D77}.Server40Dev|Any CPU.ActiveCfg = Release|Any CPU
		{A655FAC4-2283-4DE6-A765-3D4427835D77}.Server40Dev|Any CPU.Build.0 = Release|Any CPU
		{90371ED1-F3FE-477F-92CF-6BF735E47F31}.Debug|Any CPU.ActiveCfg = Debug|Any CPU
		{90371ED1-F3FE-477F-92CF-6BF735E47F31}.Debug|Any CPU.Build.0 = Debug|Any CPU
		{90371ED1-F3FE-477F-92CF-6BF735E47F31}.GDCDev|Any CPU.ActiveCfg = Release|Any CPU
		{90371ED1-F3FE-477F-92CF-6BF735E47F31}.GDCDev|Any CPU.Build.0 = Release|Any CPU
		{90371ED1-F3FE-477F-92CF-6BF735E47F31}.Release|Any CPU.ActiveCfg = Release|Any CPU
		{90371ED1-F3FE-477F-92CF-6BF735E47F31}.Release|Any CPU.Build.0 = Release|Any CPU
		{90371ED1-F3FE-477F-92CF-6BF735E47F31}.Server40Dev|Any CPU.ActiveCfg = Release|Any CPU
		{90371ED1-F3FE-477F-92CF-6BF735E47F31}.Server40Dev|Any CPU.Build.0 = Release|Any CPU
	EndGlobalSection
	GlobalSection(SolutionProperties) = preSolution
		HideSolutionNode = FALSE
	EndGlobalSection
EndGlobal
